
Microsoft Visual Studio Solution File, Format Version 12.00
# Visual Studio Version 16
VisualStudioVersion = 25.0.1706.6
MinimumVisualStudioVersion = 10.0.40219.1
Project("{FAE04EC0-301F-11D3-BF4B-00C04F79EFBC}") = "notesAPI", "notesAPI\notesAPI.csproj", "{602A38AE-33A2-48FD-A162-43C09C5949DD}"
EndProject
Global
	GlobalSection(SolutionConfigurationPlatforms) = preSolution
		Debug|Any CPU = Debug|Any CPU
		Release|Any CPU = Release|Any CPU
	EndGlobalSection
	GlobalSection(ProjectConfigurationPlatforms) = postSolution
		{602A38AE-33A2-48FD-A162-43C09C5949DD}.Debug|Any CPU.ActiveCfg = Debug|Any CPU
		{602A38AE-33A2-48FD-A162-43C09C5949DD}.Debug|Any CPU.Build.0 = Debug|Any CPU
		{602A38AE-33A2-48FD-A162-43C09C5949DD}.Release|Any CPU.ActiveCfg = Release|Any CPU
		{602A38AE-33A2-48FD-A162-43C09C5949DD}.Release|Any CPU.Build.0 = Release|Any CPU
	EndGlobalSection
	GlobalSection(SolutionProperties) = preSolution
		HideSolutionNode = FALSE
	EndGlobalSection
	GlobalSection(ExtensibilityGlobals) = postSolution
		SolutionGuid = {455C216B-854B-4236-9FCB-CAD30FE78CB9}
	EndGlobalSection
EndGlobal
